// !$*UTF8*$!
{
	archiveVersion = 1;
	classes = {
	};
	objectVersion = 56;
	objects = {

/* Begin PBXBuildFile section */
		9E5D90BC2A0CBD0F00962EB5 /* GithubAPIListApp.swift in Sources */ = {isa = PBXBuildFile; fileRef = 9E5D90BB2A0CBD0F00962EB5 /* GithubAPIListApp.swift */; };
		9E5D90BE2A0CBD0F00962EB5 /* UsersListView.swift in Sources */ = {isa = PBXBuildFile; fileRef = 9E5D90BD2A0CBD0F00962EB5 /* UsersListView.swift */; };
		9E5D90C02A0CBD1000962EB5 /* Assets.xcassets in Resources */ = {isa = PBXBuildFile; fileRef = 9E5D90BF2A0CBD1000962EB5 /* Assets.xcassets */; };
		9E5D90C32A0CBD1000962EB5 /* Preview Assets.xcassets in Resources */ = {isa = PBXBuildFile; fileRef = 9E5D90C22A0CBD1000962EB5 /* Preview Assets.xcassets */; };
		9E5D90CA2A0CBD2400962EB5 /* User.swift in Sources */ = {isa = PBXBuildFile; fileRef = 9E5D90C92A0CBD2400962EB5 /* User.swift */; };
		9E5D90CC2A0CBDB500962EB5 /* ListRow.swift in Sources */ = {isa = PBXBuildFile; fileRef = 9E5D90CB2A0CBDB500962EB5 /* ListRow.swift */; };
		9E5D90CE2A0CBF4300962EB5 /* APIService.swift in Sources */ = {isa = PBXBuildFile; fileRef = 9E5D90CD2A0CBF4300962EB5 /* APIService.swift */; };
		9E5D90D02A0CC66600962EB5 /* LoaderView.swift in Sources */ = {isa = PBXBuildFile; fileRef = 9E5D90CF2A0CC66600962EB5 /* LoaderView.swift */; };
		9E5D90D32A0CC81A00962EB5 /* Kingfisher in Frameworks */ = {isa = PBXBuildFile; productRef = 9E5D90D22A0CC81A00962EB5 /* Kingfisher */; };
		9E5D90DB2A0CC9F700962EB5 /* UserViewModel.swift in Sources */ = {isa = PBXBuildFile; fileRef = 9E5D90DA2A0CC9F700962EB5 /* UserViewModel.swift */; };
/* End PBXBuildFile section */

/* Begin PBXFileReference section */
		9E5D90B82A0CBD0F00962EB5 /* GithubAPIList.app */ = {isa = PBXFileReference; explicitFileType = wrapper.application; includeInIndex = 0; path = GithubAPIList.app; sourceTree = BUILT_PRODUCTS_DIR; };
		9E5D90BB2A0CBD0F00962EB5 /* GithubAPIListApp.swift */ = {isa = PBXFileReference; lastKnownFileType = sourcecode.swift; path = GithubAPIListApp.swift; sourceTree = "<group>"; };
		9E5D90BD2A0CBD0F00962EB5 /* UsersListView.swift */ = {isa = PBXFileReference; lastKnownFileType = sourcecode.swift; path = UsersListView.swift; sourceTree = "<group>"; };
		9E5D90BF2A0CBD1000962EB5 /* Assets.xcassets */ = {isa = PBXFileReference; lastKnownFileType = folder.assetcatalog; path = Assets.xcassets; sourceTree = "<group>"; };
		9E5D90C22A0CBD1000962EB5 /* Preview Assets.xcassets */ = {isa = PBXFileReference; lastKnownFileType = folder.assetcatalog; path = "Preview Assets.xcassets"; sourceTree = "<group>"; };
		9E5D90C92A0CBD2400962EB5 /* User.swift */ = {isa = PBXFileReference; lastKnownFileType = sourcecode.swift; path = User.swift; sourceTree = "<group>"; };
		9E5D90CB2A0CBDB500962EB5 /* ListRow.swift */ = {isa = PBXFileReference; lastKnownFileType = sourcecode.swift; path = ListRow.swift; sourceTree = "<group>"; };
		9E5D90CD2A0CBF4300962EB5 /* APIService.swift */ = {isa = PBXFileReference; lastKnownFileType = sourcecode.swift; path = APIService.swift; sourceTree = "<group>"; };
		9E5D90CF2A0CC66600962EB5 /* LoaderView.swift */ = {isa = PBXFileReference; lastKnownFileType = sourcecode.swift; path = LoaderView.swift; sourceTree = "<group>"; };
		9E5D90DA2A0CC9F700962EB5 /* UserViewModel.swift */ = {isa = PBXFileReference; lastKnownFileType = sourcecode.swift; path = UserViewModel.swift; sourceTree = "<group>"; };
/* End PBXFileReference section */

/* Begin PBXFrameworksBuildPhase section */
		9E5D90B52A0CBD0F00962EB5 /* Frameworks */ = {
			isa = PBXFrameworksBuildPhase;
			buildActionMask = 2147483647;
			files = (
				9E5D90D32A0CC81A00962EB5 /* Kingfisher in Frameworks */,
			);
			runOnlyForDeploymentPostprocessing = 0;
		};
/* End PBXFrameworksBuildPhase section */

/* Begin PBXGroup section */
		9E5D90AF2A0CBD0F00962EB5 = {
			isa = PBXGroup;
			children = (
				9E5D90BA2A0CBD0F00962EB5 /* GithubAPIList */,
				9E5D90B92A0CBD0F00962EB5 /* Products */,
			);
			sourceTree = "<group>";
		};
		9E5D90B92A0CBD0F00962EB5 /* Products */ = {
			isa = PBXGroup;
			children = (
				9E5D90B82A0CBD0F00962EB5 /* GithubAPIList.app */,
			);
			name = Products;
			sourceTree = "<group>";
		};
		9E5D90BA2A0CBD0F00962EB5 /* GithubAPIList */ = {
			isa = PBXGroup;
			children = (
				9E5D90D92A0CC9E800962EB5 /* ViewModels */,
				9E5D90D82A0CC9D300962EB5 /* Resourses */,
				9E5D90D72A0CC9C700962EB5 /* NetworkLayer */,
				9E5D90D62A0CC9BC00962EB5 /* Models */,
				9E5D90D42A0CC95200962EB5 /* Views */,
				9E5D90C12A0CBD1000962EB5 /* Preview Content */,
			);
			path = GithubAPIList;
			sourceTree = "<group>";
		};
		9E5D90C12A0CBD1000962EB5 /* Preview Content */ = {
			isa = PBXGroup;
			children = (
				9E5D90C22A0CBD1000962EB5 /* Preview Assets.xcassets */,
			);
			path = "Preview Content";
			sourceTree = "<group>";
		};
		9E5D90D42A0CC95200962EB5 /* Views */ = {
			isa = PBXGroup;
			children = (
				9E5D90BD2A0CBD0F00962EB5 /* UsersListView.swift */,
				9E5D90D52A0CC96E00962EB5 /* Helpers */,
			);
			path = Views;
			sourceTree = "<group>";
		};
		9E5D90D52A0CC96E00962EB5 /* Helpers */ = {
			isa = PBXGroup;
			children = (
				9E5D90CF2A0CC66600962EB5 /* LoaderView.swift */,
				9E5D90CB2A0CBDB500962EB5 /* ListRow.swift */,
			);
			path = Helpers;
			sourceTree = "<group>";
		};
		9E5D90D62A0CC9BC00962EB5 /* Models */ = {
			isa = PBXGroup;
			children = (
				9E5D90C92A0CBD2400962EB5 /* User.swift */,
			);
			path = Models;
			sourceTree = "<group>";
		};
		9E5D90D72A0CC9C700962EB5 /* NetworkLayer */ = {
			isa = PBXGroup;
			children = (
				9E5D90CD2A0CBF4300962EB5 /* APIService.swift */,
			);
			path = NetworkLayer;
			sourceTree = "<group>";
		};
		9E5D90D82A0CC9D300962EB5 /* Resourses */ = {
			isa = PBXGroup;
			children = (
				9E5D90BB2A0CBD0F00962EB5 /* GithubAPIListApp.swift */,
				9E5D90BF2A0CBD1000962EB5 /* Assets.xcassets */,
			);
			path = Resourses;
			sourceTree = "<group>";
		};
		9E5D90D92A0CC9E800962EB5 /* ViewModels */ = {
			isa = PBXGroup;
			children = (
				9E5D90DA2A0CC9F700962EB5 /* UserViewModel.swift */,
			);
			path = ViewModels;
			sourceTree = "<group>";
		};
/* End PBXGroup section */

/* Begin PBXNativeTarget section */
		9E5D90B72A0CBD0F00962EB5 /* GithubAPIList */ = {
			isa = PBXNativeTarget;
			buildConfigurationList = 9E5D90C62A0CBD1000962EB5 /* Build configuration list for PBXNativeTarget "GithubAPIList" */;
			buildPhases = (
				9E5D90B42A0CBD0F00962EB5 /* Sources */,
				9E5D90B52A0CBD0F00962EB5 /* Frameworks */,
				9E5D90B62A0CBD0F00962EB5 /* Resources */,
			);
			buildRules = (
			);
			dependencies = (
			);
			name = GithubAPIList;
			packageProductDependencies = (
				9E5D90D22A0CC81A00962EB5 /* Kingfisher */,
			);
			productName = GithubAPIList;
			productReference = 9E5D90B82A0CBD0F00962EB5 /* GithubAPIList.app */;
			productType = "com.apple.product-type.application";
		};
/* End PBXNativeTarget section */

/* Begin PBXProject section */
		9E5D90B02A0CBD0F00962EB5 /* Project object */ = {
			isa = PBXProject;
			attributes = {
				BuildIndependentTargetsInParallel = 1;
				LastSwiftUpdateCheck = 1420;
				LastUpgradeCheck = 1420;
				TargetAttributes = {
					9E5D90B72A0CBD0F00962EB5 = {
						CreatedOnToolsVersion = 14.2;
					};
				};
			};
			buildConfigurationList = 9E5D90B32A0CBD0F00962EB5 /* Build configuration list for PBXProject "GithubAPIList" */;
			compatibilityVersion = "Xcode 14.0";
			developmentRegion = en;
			hasScannedForEncodings = 0;
			knownRegions = (
				en,
				Base,
			);
			mainGroup = 9E5D90AF2A0CBD0F00962EB5;
			packageReferences = (
				9E5D90D12A0CC81A00962EB5 /* XCRemoteSwiftPackageReference "Kingfisher" */,
			);
			productRefGroup = 9E5D90B92A0CBD0F00962EB5 /* Products */;
			projectDirPath = "";
			projectRoot = "";
			targets = (
				9E5D90B72A0CBD0F00962EB5 /* GithubAPIList */,
			);
		};
/* End PBXProject section */

/* Begin PBXResourcesBuildPhase section */
		9E5D90B62A0CBD0F00962EB5 /* Resources */ = {
			isa = PBXResourcesBuildPhase;
			buildActionMask = 2147483647;
			files = (
				9E5D90C32A0CBD1000962EB5 /* Preview Assets.xcassets in Resources */,
				9E5D90C02A0CBD1000962EB5 /* Assets.xcassets in Resources */,
			);
			runOnlyForDeploymentPostprocessing = 0;
		};
/* End PBXResourcesBuildPhase section */

/* Begin PBXSourcesBuildPhase section */
		9E5D90B42A0CBD0F00962EB5 /* Sources */ = {
			isa = PBXSourcesBuildPhase;
			buildActionMask = 2147483647;
			files = (
				9E5D90CC2A0CBDB500962EB5 /* ListRow.swift in Sources */,
				9E5D90CE2A0CBF4300962EB5 /* APIService.swift in Sources */,
				9E5D90BE2A0CBD0F00962EB5 /* UsersListView.swift in Sources */,
				9E5D90BC2A0CBD0F00962EB5 /* GithubAPIListApp.swift in Sources */,
				9E5D90CA2A0CBD2400962EB5 /* User.swift in Sources */,
				9E5D90DB2A0CC9F700962EB5 /* UserViewModel.swift in Sources */,
				9E5D90D02A0CC66600962EB5 /* LoaderView.swift in Sources */,
			);
			runOnlyForDeploymentPostprocessing = 0;
		};
/* End PBXSourcesBuildPhase section */

/* Begin XCBuildConfiguration section */
		9E5D90C42A0CBD1000962EB5 /* Debug */ = {
			isa = XCBuildConfiguration;
			buildSettings = {
				ALWAYS_SEARCH_USER_PATHS = NO;
				CLANG_ANALYZER_NONNULL = YES;
				CLANG_ANALYZER_NUMBER_OBJECT_CONVERSION = YES_AGGRESSIVE;
				CLANG_CXX_LANGUAGE_STANDARD = "gnu++20";
				CLANG_ENABLE_MODULES = YES;
				CLANG_ENABLE_OBJC_ARC = YES;
				CLANG_ENABLE_OBJC_WEAK = YES;
				CLANG_WARN_BLOCK_CAPTURE_AUTORELEASING = YES;
				CLANG_WARN_BOOL_CONVERSION = YES;
				CLANG_WARN_COMMA = YES;
				CLANG_WARN_CONSTANT_CONVERSION = YES;
				CLANG_WARN_DEPRECATED_OBJC_IMPLEMENTATIONS = YES;
				CLANG_WARN_DIRECT_OBJC_ISA_USAGE = YES_ERROR;
				CLANG_WARN_DOCUMENTATION_COMMENTS = YES;
				CLANG_WARN_EMPTY_BODY = YES;
				CLANG_WARN_ENUM_CONVERSION = YES;
				CLANG_WARN_INFINITE_RECURSION = YES;
				CLANG_WARN_INT_CONVERSION = YES;
				CLANG_WARN_NON_LITERAL_NULL_CONVERSION = YES;
				CLANG_WARN_OBJC_IMPLICIT_RETAIN_SELF = YES;
				CLANG_WARN_OBJC_LITERAL_CONVERSION = YES;
				CLANG_WARN_OBJC_ROOT_CLASS = YES_ERROR;
				CLANG_WARN_QUOTED_INCLUDE_IN_FRAMEWORK_HEADER = YES;
				CLANG_WARN_RANGE_LOOP_ANALYSIS = YES;
				CLANG_WARN_STRICT_PROTOTYPES = YES;
				CLANG_WARN_SUSPICIOUS_MOVE = YES;
				CLANG_WARN_UNGUARDED_AVAILABILITY = YES_AGGRESSIVE;
				CLANG_WARN_UNREACHABLE_CODE = YES;
				CLANG_WARN__DUPLICATE_METHOD_MATCH = YES;
				COPY_PHASE_STRIP = NO;
				DEBUG_INFORMATION_FORMAT = dwarf;
				ENABLE_STRICT_OBJC_MSGSEND = YES;
				ENABLE_TESTABILITY = YES;
				GCC_C_LANGUAGE_STANDARD = gnu11;
				GCC_DYNAMIC_NO_PIC = NO;
				GCC_NO_COMMON_BLOCKS = YES;
				GCC_OPTIMIZATION_LEVEL = 0;
				GCC_PREPROCESSOR_DEFINITIONS = (
					"DEBUG=1",
					"$(inherited)",
				);
				GCC_WARN_64_TO_32_BIT_CONVERSION = YES;
				GCC_WARN_ABOUT_RETURN_TYPE = YES_ERROR;
				GCC_WARN_UNDECLARED_SELECTOR = YES;
				GCC_WARN_UNINITIALIZED_AUTOS = YES_AGGRESSIVE;
				GCC_WARN_UNUSED_FUNCTION = YES;
				GCC_WARN_UNUSED_VARIABLE = YES;
				IPHONEOS_DEPLOYMENT_TARGET = 16.2;
				MTL_ENABLE_DEBUG_INFO = INCLUDE_SOURCE;
				MTL_FAST_MATH = YES;
				ONLY_ACTIVE_ARCH = YES;
				SDKROOT = iphoneos;
				SWIFT_ACTIVE_COMPILATION_CONDITIONS = DEBUG;
				SWIFT_OPTIMIZATION_LEVEL = "-Onone";
			};
			name = Debug;
		};
		9E5D90C52A0CBD1000962EB5 /* Release */ = {
			isa = XCBuildConfiguration;
			buildSettings = {
				ALWAYS_SEARCH_USER_PATHS = NO;
				CLANG_ANALYZER_NONNULL = YES;
				CLANG_ANALYZER_NUMBER_OBJECT_CONVERSION = YES_AGGRESSIVE;
				CLANG_CXX_LANGUAGE_STANDARD = "gnu++20";
				CLANG_ENABLE_MODULES = YES;
				CLANG_ENABLE_OBJC_ARC = YES;
				CLANG_ENABLE_OBJC_WEAK = YES;
				CLANG_WARN_BLOCK_CAPTURE_AUTORELEASING = YES;
				CLANG_WARN_BOOL_CONVERSION = YES;
				CLANG_WARN_COMMA = YES;
				CLANG_WARN_CONSTANT_CONVERSION = YES;
				CLANG_WARN_DEPRECATED_OBJC_IMPLEMENTATIONS = YES;
				CLANG_WARN_DIRECT_OBJC_ISA_USAGE = YES_ERROR;
				CLANG_WARN_DOCUMENTATION_COMMENTS = YES;
				CLANG_WARN_EMPTY_BODY = YES;
				CLANG_WARN_ENUM_CONVERSION = YES;
				CLANG_WARN_INFINITE_RECURSION = YES;
				CLANG_WARN_INT_CONVERSION = YES;
				CLANG_WARN_NON_LITERAL_NULL_CONVERSION = YES;
				CLANG_WARN_OBJC_IMPLICIT_RETAIN_SELF = YES;
				CLANG_WARN_OBJC_LITERAL_CONVERSION = YES;
				CLANG_WARN_OBJC_ROOT_CLASS = YES_ERROR;
				CLANG_WARN_QUOTED_INCLUDE_IN_FRAMEWORK_HEADER = YES;
				CLANG_WARN_RANGE_LOOP_ANALYSIS = YES;
				CLANG_WARN_STRICT_PROTOTYPES = YES;
				CLANG_WARN_SUSPICIOUS_MOVE = YES;
				CLANG_WARN_UNGUARDED_AVAILABILITY = YES_AGGRESSIVE;
				CLANG_WARN_UNREACHABLE_CODE = YES;
				CLANG_WARN__DUPLICATE_METHOD_MATCH = YES;
				COPY_PHASE_STRIP = NO;
				DEBUG_INFORMATION_FORMAT = "dwarf-with-dsym";
				ENABLE_NS_ASSERTIONS = NO;
				ENABLE_STRICT_OBJC_MSGSEND = YES;
				GCC_C_LANGUAGE_STANDARD = gnu11;
				GCC_NO_COMMON_BLOCKS = YES;
				GCC_WARN_64_TO_32_BIT_CONVERSION = YES;
				GCC_WARN_ABOUT_RETURN_TYPE = YES_ERROR;
				GCC_WARN_UNDECLARED_SELECTOR = YES;
				GCC_WARN_UNINITIALIZED_AUTOS = YES_AGGRESSIVE;
				GCC_WARN_UNUSED_FUNCTION = YES;
				GCC_WARN_UNUSED_VARIABLE = YES;
				IPHONEOS_DEPLOYMENT_TARGET = 16.2;
				MTL_ENABLE_DEBUG_INFO = NO;
				MTL_FAST_MATH = YES;
				SDKROOT = iphoneos;
				SWIFT_COMPILATION_MODE = wholemodule;
				SWIFT_OPTIMIZATION_LEVEL = "-O";
				VALIDATE_PRODUCT = YES;
			};
			name = Release;
		};
		9E5D90C72A0CBD1000962EB5 /* Debug */ = {
			isa = XCBuildConfiguration;
			buildSettings = {
				ASSETCATALOG_COMPILER_APPICON_NAME = AppIcon;
				ASSETCATALOG_COMPILER_GLOBAL_ACCENT_COLOR_NAME = AccentColor;
				CODE_SIGN_STYLE = Automatic;
				CURRENT_PROJECT_VERSION = 1;
				DEVELOPMENT_ASSET_PATHS = "\"GithubAPIList/Preview Content\"";
				DEVELOPMENT_TEAM = 56GJJ22ADR;
				ENABLE_PREVIEWS = YES;
				GENERATE_INFOPLIST_FILE = YES;
				INFOPLIST_KEY_UIApplicationSceneManifest_Generation = YES;
				INFOPLIST_KEY_UIApplicationSupportsIndirectInputEvents = YES;
				INFOPLIST_KEY_UILaunchScreen_Generation = YES;
				INFOPLIST_KEY_UISupportedInterfaceOrientations_iPad = "UIInterfaceOrientationPortrait UIInterfaceOrientationPortraitUpsideDown UIInterfaceOrientationLandscapeLeft UIInterfaceOrientationLandscapeRight";
				INFOPLIST_KEY_UISupportedInterfaceOrientations_iPhone = "UIInterfaceOrientationPortrait UIInterfaceOrientationLandscapeLeft UIInterfaceOrientationLandscapeRight";
				LD_RUNPATH_SEARCH_PATHS = (
					"$(inherited)",
					"@executable_path/Frameworks",
				);
				MARKETING_VERSION = 1.0;
				PRODUCT_BUNDLE_IDENTIFIER = AlexanderKorchak.GithubAPIList;
				PRODUCT_NAME = "$(TARGET_NAME)";
				SUPPORTED_PLATFORMS = "iphoneos iphonesimulator";
				SUPPORTS_MACCATALYST = NO;
				SUPPORTS_MAC_DESIGNED_FOR_IPHONE_IPAD = NO;
				SWIFT_EMIT_LOC_STRINGS = YES;
				SWIFT_VERSION = 5.0;
				TARGETED_DEVICE_FAMILY = "1,2";
			};
			name = Debug;
		};
		9E5D90C82A0CBD1000962EB5 /* Release */ = {
			isa = XCBuildConfiguration;
			buildSettings = {
				ASSETCATALOG_COMPILER_APPICON_NAME = AppIcon;
				ASSETCATALOG_COMPILER_GLOBAL_ACCENT_COLOR_NAME = AccentColor;
				CODE_SIGN_STYLE = Automatic;
				CURRENT_PROJECT_VERSION = 1;
				DEVELOPMENT_ASSET_PATHS = "\"GithubAPIList/Preview Content\"";
				DEVELOPMENT_TEAM = 56GJJ22ADR;
				ENABLE_PREVIEWS = YES;
				GENERATE_INFOPLIST_FILE = YES;
				INFOPLIST_KEY_UIApplicationSceneManifest_Generation = YES;
				INFOPLIST_KEY_UIApplicationSupportsIndirectInputEvents = YES;
				INFOPLIST_KEY_UILaunchScreen_Generation = YES;
				INFOPLIST_KEY_UISupportedInterfaceOrientations_iPad = "UIInterfaceOrientationPortrait UIInterfaceOrientationPortraitUpsideDown UIInterfaceOrientationLandscapeLeft UIInterfaceOrientationLandscapeRight";
				INFOPLIST_KEY_UISupportedInterfaceOrientations_iPhone = "UIInterfaceOrientationPortrait UIInterfaceOrientationLandscapeLeft UIInterfaceOrientationLandscapeRight";
				LD_RUNPATH_SEARCH_PATHS = (
					"$(inherited)",
					"@executable_path/Frameworks",
				);
				MARKETING_VERSION = 1.0;
				PRODUCT_BUNDLE_IDENTIFIER = AlexanderKorchak.GithubAPIList;
				PRODUCT_NAME = "$(TARGET_NAME)";
				SUPPORTED_PLATFORMS = "iphoneos iphonesimulator";
				SUPPORTS_MACCATALYST = NO;
				SUPPORTS_MAC_DESIGNED_FOR_IPHONE_IPAD = NO;
				SWIFT_EMIT_LOC_STRINGS = YES;
				SWIFT_VERSION = 5.0;
				TARGETED_DEVICE_FAMILY = "1,2";
			};
			name = Release;
		};
/* End XCBuildConfiguration section */

/* Begin XCConfigurationList section */
		9E5D90B32A0CBD0F00962EB5 /* Build configuration list for PBXProject "GithubAPIList" */ = {
			isa = XCConfigurationList;
			buildConfigurations = (
				9E5D90C42A0CBD1000962EB5 /* Debug */,
				9E5D90C52A0CBD1000962EB5 /* Release */,
			);
			defaultConfigurationIsVisible = 0;
			defaultConfigurationName = Release;
		};
		9E5D90C62A0CBD1000962EB5 /* Build configuration list for PBXNativeTarget "GithubAPIList" */ = {
			isa = XCConfigurationList;
			buildConfigurations = (
				9E5D90C72A0CBD1000962EB5 /* Debug */,
				9E5D90C82A0CBD1000962EB5 /* Release */,
			);
			defaultConfigurationIsVisible = 0;
			defaultConfigurationName = Release;
		};
/* End XCConfigurationList section */

/* Begin XCRemoteSwiftPackageReference section */
		9E5D90D12A0CC81A00962EB5 /* XCRemoteSwiftPackageReference "Kingfisher" */ = {
			isa = XCRemoteSwiftPackageReference;
			repositoryURL = "https://github.com/onevcat/Kingfisher.git";
			requirement = {
				kind = upToNextMajorVersion;
				minimumVersion = 7.0.0;
			};
		};
/* End XCRemoteSwiftPackageReference section */

/* Begin XCSwiftPackageProductDependency section */
		9E5D90D22A0CC81A00962EB5 /* Kingfisher */ = {
			isa = XCSwiftPackageProductDependency;
			package = 9E5D90D12A0CC81A00962EB5 /* XCRemoteSwiftPackageReference "Kingfisher" */;
			productName = Kingfisher;
		};
/* End XCSwiftPackageProductDependency section */
	};
	rootObject = 9E5D90B02A0CBD0F00962EB5 /* Project object */;
}
